
Microsoft Visual Studio Solution File, Format Version 12.00
# Visual Studio 15
VisualStudioVersion = 15.0.26430.6
MinimumVisualStudioVersion = 10.0.40219.1
Project("{FAE04EC0-301F-11D3-BF4B-00C04F79EFBC}") = "Prague", "Prague\Prague.csproj", "{9CF8CF80-38FC-467A-A46E-0266F393ADDC}"
EndProject
Global
	GlobalSection(SolutionConfigurationPlatforms) = preSolution
		Debug|Any CPU = Debug|Any CPU
		Release|Any CPU = Release|Any CPU
	EndGlobalSection
	GlobalSection(ProjectConfigurationPlatforms) = postSolution
		{9CF8CF80-38FC-467A-A46E-0266F393ADDC}.Debug|Any CPU.ActiveCfg = Debug|Any CPU
		{9CF8CF80-38FC-467A-A46E-0266F393ADDC}.Debug|Any CPU.Build.0 = Debug|Any CPU
		{9CF8CF80-38FC-467A-A46E-0266F393ADDC}.Release|Any CPU.ActiveCfg = Release|Any CPU
		{9CF8CF80-38FC-467A-A46E-0266F393ADDC}.Release|Any CPU.Build.0 = Release|Any CPU
	EndGlobalSection
	GlobalSection(SolutionProperties) = preSolution
		HideSolutionNode = FALSE
	EndGlobalSection
EndGlobal
